
Microsoft Visual Studio Solution File, Format Version 12.00
# Visual Studio 15
VisualStudioVersion = 15.0.28010.2046
MinimumVisualStudioVersion = 10.0.40219.1
Project("{FAE04EC0-301F-11D3-BF4B-00C04F79EFBC}") = "ProArch.CodingTest.Api", "ProArch.CodingTest.Api\ProArch.CodingTest.Api.csproj", "{FC785107-4F7E-4BF8-A234-8CE806CD410E}"
EndProject
Project("{9A19103F-16F7-4668-BE54-9A1E7A4F7556}") = "ProArch.CodingTest.Common", "ProArch.CodingTest.Common\ProArch.CodingTest.Common.csproj", "{B483651F-043C-48F8-B9FE-6DA5CD16E59E}"
EndProject
Project("{9A19103F-16F7-4668-BE54-9A1E7A4F7556}") = "ProArch.CodingTest.External", "ProArch.CodingTest.External\ProArch.CodingTest.External.csproj", "{E0EE6DF5-90B8-4CE3-A7A9-0719B869614A}"
EndProject
Project("{9A19103F-16F7-4668-BE54-9A1E7A4F7556}") = "ProArch.CodingTest.Repository", "ProArch.CodingTest.Repository\ProArch.CodingTest.Repository.csproj", "{F6B9CEF7-7C4D-4A4B-84CD-9EC5DAD4390A}"
EndProject
Project("{9A19103F-16F7-4668-BE54-9A1E7A4F7556}") = "ProArch.CodingTest.Services", "ProArch.CodingTest.Services\ProArch.CodingTest.Services.csproj", "{1A302A38-96F1-46E6-B528-E9395DBF2EEB}"
EndProject
Project("{9A19103F-16F7-4668-BE54-9A1E7A4F7556}") = "ProArch.CodingTest.Services.UnitTests", "ProArch.CodingTest.Services.UnitTests\ProArch.CodingTest.Services.UnitTests.csproj", "{388437D9-F418-4E1D-ADE9-3CBD51B9C6D4}"
EndProject
Global
	GlobalSection(SolutionConfigurationPlatforms) = preSolution
		Debug|Any CPU = Debug|Any CPU
		Release|Any CPU = Release|Any CPU
	EndGlobalSection
	GlobalSection(ProjectConfigurationPlatforms) = postSolution
		{FC785107-4F7E-4BF8-A234-8CE806CD410E}.Debug|Any CPU.ActiveCfg = Debug|Any CPU
		{FC785107-4F7E-4BF8-A234-8CE806CD410E}.Debug|Any CPU.Build.0 = Debug|Any CPU
		{FC785107-4F7E-4BF8-A234-8CE806CD410E}.Release|Any CPU.ActiveCfg = Release|Any CPU
		{FC785107-4F7E-4BF8-A234-8CE806CD410E}.Release|Any CPU.Build.0 = Release|Any CPU
		{B483651F-043C-48F8-B9FE-6DA5CD16E59E}.Debug|Any CPU.ActiveCfg = Debug|Any CPU
		{B483651F-043C-48F8-B9FE-6DA5CD16E59E}.Debug|Any CPU.Build.0 = Debug|Any CPU
		{B483651F-043C-48F8-B9FE-6DA5CD16E59E}.Release|Any CPU.ActiveCfg = Release|Any CPU
		{B483651F-043C-48F8-B9FE-6DA5CD16E59E}.Release|Any CPU.Build.0 = Release|Any CPU
		{E0EE6DF5-90B8-4CE3-A7A9-0719B869614A}.Debug|Any CPU.ActiveCfg = Debug|Any CPU
		{E0EE6DF5-90B8-4CE3-A7A9-0719B869614A}.Debug|Any CPU.Build.0 = Debug|Any CPU
		{E0EE6DF5-90B8-4CE3-A7A9-0719B869614A}.Release|Any CPU.ActiveCfg = Release|Any CPU
		{E0EE6DF5-90B8-4CE3-A7A9-0719B869614A}.Release|Any CPU.Build.0 = Release|Any CPU
		{F6B9CEF7-7C4D-4A4B-84CD-9EC5DAD4390A}.Debug|Any CPU.ActiveCfg = Debug|Any CPU
		{F6B9CEF7-7C4D-4A4B-84CD-9EC5DAD4390A}.Debug|Any CPU.Build.0 = Debug|Any CPU
		{F6B9CEF7-7C4D-4A4B-84CD-9EC5DAD4390A}.Release|Any CPU.ActiveCfg = Release|Any CPU
		{F6B9CEF7-7C4D-4A4B-84CD-9EC5DAD4390A}.Release|Any CPU.Build.0 = Release|Any CPU
		{1A302A38-96F1-46E6-B528-E9395DBF2EEB}.Debug|Any CPU.ActiveCfg = Debug|Any CPU
		{1A302A38-96F1-46E6-B528-E9395DBF2EEB}.Debug|Any CPU.Build.0 = Debug|Any CPU
		{1A302A38-96F1-46E6-B528-E9395DBF2EEB}.Release|Any CPU.ActiveCfg = Release|Any CPU
		{1A302A38-96F1-46E6-B528-E9395DBF2EEB}.Release|Any CPU.Build.0 = Release|Any CPU
		{388437D9-F418-4E1D-ADE9-3CBD51B9C6D4}.Debug|Any CPU.ActiveCfg = Debug|Any CPU
		{388437D9-F418-4E1D-ADE9-3CBD51B9C6D4}.Debug|Any CPU.Build.0 = Debug|Any CPU
		{388437D9-F418-4E1D-ADE9-3CBD51B9C6D4}.Release|Any CPU.ActiveCfg = Release|Any CPU
		{388437D9-F418-4E1D-ADE9-3CBD51B9C6D4}.Release|Any CPU.Build.0 = Release|Any CPU
	EndGlobalSection
	GlobalSection(SolutionProperties) = preSolution
		HideSolutionNode = FALSE
	EndGlobalSection
	GlobalSection(ExtensibilityGlobals) = postSolution
		SolutionGuid = {24FEA499-CD80-4F0E-942F-1451014D6023}
	EndGlobalSection
EndGlobal
